// !$*UTF8*$!
{
	archiveVersion = 1;
	classes = {
	};
	objectVersion = 56;
	objects = {

/* Begin PBXBuildFile section */
		D1036C0C2C1B4FD500E2E266 /* StartScreenController.swift in Sources */ = {isa = PBXBuildFile; fileRef = D1036C0B2C1B4FD500E2E266 /* StartScreenController.swift */; };
		D1036C0F2C1B519E00E2E266 /* StartScreenModel.swift in Sources */ = {isa = PBXBuildFile; fileRef = D1036C0E2C1B519E00E2E266 /* StartScreenModel.swift */; };
		D107EF162B5708960020F0A2 /* SettingsView.swift in Sources */ = {isa = PBXBuildFile; fileRef = D107EF152B5708960020F0A2 /* SettingsView.swift */; };
		D107EF182B5716F60020F0A2 /* Settings.swift in Sources */ = {isa = PBXBuildFile; fileRef = D107EF172B5716F60020F0A2 /* Settings.swift */; };
		D107EF1B2B571C840020F0A2 /* SettingsDatabaseView.swift in Sources */ = {isa = PBXBuildFile; fileRef = D107EF1A2B571C840020F0A2 /* SettingsDatabaseView.swift */; };
		D107EF1D2B571CAA0020F0A2 /* SettingsUploadView.swift in Sources */ = {isa = PBXBuildFile; fileRef = D107EF1C2B571CAA0020F0A2 /* SettingsUploadView.swift */; };
		D10BB31C298ADAA400667E86 /* FERNApp.swift in Sources */ = {isa = PBXBuildFile; fileRef = D10BB31B298ADAA400667E86 /* FERNApp.swift */; };
		D10BB320298ADAA500667E86 /* Assets.xcassets in Resources */ = {isa = PBXBuildFile; fileRef = D10BB31F298ADAA500667E86 /* Assets.xcassets */; };
		D10BB323298ADAA500667E86 /* Preview Assets.xcassets in Resources */ = {isa = PBXBuildFile; fileRef = D10BB322298ADAA500667E86 /* Preview Assets.xcassets */; };
		D11B2D902BF3BC81004FEE0B /* ScanPhotosInFolderForText.swift in Sources */ = {isa = PBXBuildFile; fileRef = D11B2D8F2BF3BC81004FEE0B /* ScanPhotosInFolderForText.swift */; };
		D127B37A2A12ECF000F6287A /* nmeaToolKit.framework in Frameworks */ = {isa = PBXBuildFile; fileRef = D127B3782A12EC1400F6287A /* nmeaToolKit.framework */; };
		D127B37B2A12ECF000F6287A /* nmeaToolKit.framework in Embed Frameworks */ = {isa = PBXBuildFile; fileRef = D127B3782A12EC1400F6287A /* nmeaToolKit.framework */; settings = {ATTRIBUTES = (CodeSignOnCopy, RemoveHeadersOnCopy, ); }; };
		D127B37E2A12ED3D00F6287A /* NMEADataClass.swift in Sources */ = {isa = PBXBuildFile; fileRef = D127B37D2A12ED3D00F6287A /* NMEADataClass.swift */; };
		D127B3802A12EDF600F6287A /* NMEADataView.swift in Sources */ = {isa = PBXBuildFile; fileRef = D127B37F2A12EDF600F6287A /* NMEADataView.swift */; };
		D130BADA2B5ADEAE00F0C47C /* Trip.swift in Sources */ = {isa = PBXBuildFile; fileRef = D130BAD92B5ADEAE00F0C47C /* Trip.swift */; };
		D147C56829A3EC2900D948AB /* FERNTests.swift in Sources */ = {isa = PBXBuildFile; fileRef = D147C56729A3EC2900D948AB /* FERNTests.swift */; };
		D15BFD142BBF55000013B67F /* OCRModel.swift in Sources */ = {isa = PBXBuildFile; fileRef = D15BFD132BBF55000013B67F /* OCRModel.swift */; };
		D15BFD182BBF55590013B67F /* TextPreviewView.swift in Sources */ = {isa = PBXBuildFile; fileRef = D15BFD172BBF55590013B67F /* TextPreviewView.swift */; };
		D162E6EC2C59495500E419A5 /* SelectTripForTestingView.swift in Sources */ = {isa = PBXBuildFile; fileRef = D162E6EB2C59495500E419A5 /* SelectTripForTestingView.swift */; };
		D167963B2BD9B78A00561875 /* SettingsCesiumView.swift in Sources */ = {isa = PBXBuildFile; fileRef = D167963A2BD9B78A00561875 /* SettingsCesiumView.swift */; };
		D167963F2BDAEF2200561875 /* RandoTestingView.swift in Sources */ = {isa = PBXBuildFile; fileRef = D167963E2BDAEF2200561875 /* RandoTestingView.swift */; };
		D16796432BE02CFF00561875 /* SelectTripForCesiumView.swift in Sources */ = {isa = PBXBuildFile; fileRef = D16796422BE02CFF00561875 /* SelectTripForCesiumView.swift */; };
		D16A6C7229901A2000835B5E /* SelectAreaView.swift in Sources */ = {isa = PBXBuildFile; fileRef = D16A6C7129901A2000835B5E /* SelectAreaView.swift */; };
		D16A6C7C2995D18100835B5E /* StartScreenView.swift in Sources */ = {isa = PBXBuildFile; fileRef = D16A6C7B2995D18100835B5E /* StartScreenView.swift */; };
		D16A6C7E29970E0900835B5E /* SelectNotesView.swift in Sources */ = {isa = PBXBuildFile; fileRef = D16A6C7D29970E0900835B5E /* SelectNotesView.swift */; };
		D16A6C80299AC65600835B5E /* SelectReportView.swift in Sources */ = {isa = PBXBuildFile; fileRef = D16A6C7F299AC65600835B5E /* SelectReportView.swift */; };
		D16A6C88299AF32600835B5E /* ReportRoutes.swift in Sources */ = {isa = PBXBuildFile; fileRef = D16A6C87299AF32600835B5E /* ReportRoutes.swift */; };
		D16B38DB2CBF197100AD32C0 /* TripCompleteView.swift in Sources */ = {isa = PBXBuildFile; fileRef = D16B38DA2CBF197100AD32C0 /* TripCompleteView.swift */; };
		D16FA6102C1CB74C0090E756 /* MenuListController.swift in Sources */ = {isa = PBXBuildFile; fileRef = D16FA60F2C1CB74C0090E756 /* MenuListController.swift */; };
		D16FA6122C1CB7A50090E756 /* MenuListModel.swift in Sources */ = {isa = PBXBuildFile; fileRef = D16FA6112C1CB7A50090E756 /* MenuListModel.swift */; };
		D16FA61B2C20BEDC0090E756 /* CameraView.swift in Sources */ = {isa = PBXBuildFile; fileRef = D16FA61A2C20BEDC0090E756 /* CameraView.swift */; };
		D16FA62E2C2488A10090E756 /* CameraClass.swift in Sources */ = {isa = PBXBuildFile; fileRef = D16FA62D2C2488A10090E756 /* CameraClass.swift */; };
		D16FA6302C248FF30090E756 /* GPSClass.swift in Sources */ = {isa = PBXBuildFile; fileRef = D16FA62F2C248FF30090E756 /* GPSClass.swift */; };
		D16FA6322C24C8EB0090E756 /* MapClass.swift in Sources */ = {isa = PBXBuildFile; fileRef = D16FA6312C24C8EB0090E756 /* MapClass.swift */; };
		D16FA6342C25C7FC0090E756 /* URLSessionsClass.swift in Sources */ = {isa = PBXBuildFile; fileRef = D16FA6332C25C7FC0090E756 /* URLSessionsClass.swift */; };
		D16FA6382C25CA380090E756 /* MapStruct.swift in Sources */ = {isa = PBXBuildFile; fileRef = D16FA6372C25CA380090E756 /* MapStruct.swift */; };
		D16FA63B2C25DC0B0090E756 /* TextRecognitionStruct.swift in Sources */ = {isa = PBXBuildFile; fileRef = D16FA63A2C25DC0B0090E756 /* TextRecognitionStruct.swift */; };
		D16FA63F2C25E1760090E756 /* CapstoneModels.swift in Sources */ = {isa = PBXBuildFile; fileRef = D16FA63E2C25E1760090E756 /* CapstoneModels.swift */; };
		D16FA6412C25E1F50090E756 /* SoundsStruct.swift in Sources */ = {isa = PBXBuildFile; fileRef = D16FA6402C25E1F50090E756 /* SoundsStruct.swift */; };
		D16FA6432C25E23F0090E756 /* ImagePickerStruct.swift in Sources */ = {isa = PBXBuildFile; fileRef = D16FA6422C25E23F0090E756 /* ImagePickerStruct.swift */; };
		D16FA6472C25E3920090E756 /* CoreLocationClass.swift in Sources */ = {isa = PBXBuildFile; fileRef = D16FA6462C25E3920090E756 /* CoreLocationClass.swift */; };
		D16FA6512C29D9040090E756 /* SelectMapPlatformView.swift in Sources */ = {isa = PBXBuildFile; fileRef = D16FA6502C29D9040090E756 /* SelectMapPlatformView.swift */; };
		D16FA6552C29E9D20090E756 /* ShowListFromDatabaseView.swift in Sources */ = {isa = PBXBuildFile; fileRef = D16FA6542C29E9D20090E756 /* ShowListFromDatabaseView.swift */; };
		D16FA6572C2DE0340090E756 /* SelectTripTypeView.swift in Sources */ = {isa = PBXBuildFile; fileRef = D16FA6562C2DE0330090E756 /* SelectTripTypeView.swift */; };
		D16FA6592C2F0DCA0090E756 /* FileUploadClass.swift in Sources */ = {isa = PBXBuildFile; fileRef = D16FA6582C2F0DCA0090E756 /* FileUploadClass.swift */; };
		D16FA65B2C2F57B70090E756 /* UploadFilesView.swift in Sources */ = {isa = PBXBuildFile; fileRef = D16FA65A2C2F57B70090E756 /* UploadFilesView.swift */; };
		D1766C9D298DB978002F594D /* MainMenuView.swift in Sources */ = {isa = PBXBuildFile; fileRef = D1766C9C298DB978002F594D /* MainMenuView.swift */; };
		D1766C9F298DB9B2002F594D /* SearchByNameView.swift in Sources */ = {isa = PBXBuildFile; fileRef = D1766C9E298DB9B2002F594D /* SearchByNameView.swift */; };
		D1766CA1298DB9C6002F594D /* MapView.swift in Sources */ = {isa = PBXBuildFile; fileRef = D1766CA0298DB9C6002F594D /* MapView.swift */; };
		D1807ABD2C5C22DC004EB245 /* NetworkMonitorClass.swift in Sources */ = {isa = PBXBuildFile; fileRef = D1807ABC2C5C22DC004EB245 /* NetworkMonitorClass.swift */; };
		D183BB302CA311AD00C124A1 /* SettingsOfflineModeView.swift in Sources */ = {isa = PBXBuildFile; fileRef = D183BB2F2CA311AD00C124A1 /* SettingsOfflineModeView.swift */; };
		D183BB342CB08A3D00C124A1 /* ConsoleTextView.swift in Sources */ = {isa = PBXBuildFile; fileRef = D183BB332CB08A3D00C124A1 /* ConsoleTextView.swift */; };
		D183BB372CB47FD700C124A1 /* LoggerStruct.swift in Sources */ = {isa = PBXBuildFile; fileRef = D183BB362CB47FD700C124A1 /* LoggerStruct.swift */; };
		D183BB402CB8456500C124A1 /* Alerts.swift in Sources */ = {isa = PBXBuildFile; fileRef = D183BB3F2CB8456500C124A1 /* Alerts.swift */; };
		D183BB432CB845FC00C124A1 /* MeasurementsClass.swift in Sources */ = {isa = PBXBuildFile; fileRef = D183BB422CB845FC00C124A1 /* MeasurementsClass.swift */; };
		D183BB462CB84AFF00C124A1 /* Strings.swift in Sources */ = {isa = PBXBuildFile; fileRef = D183BB452CB84AFF00C124A1 /* Strings.swift */; };
		D183BB482CB84D5B00C124A1 /* RoutingCache.swift in Sources */ = {isa = PBXBuildFile; fileRef = D183BB472CB84D5B00C124A1 /* RoutingCache.swift */; };
		D183BB4A2CB9AC9D00C124A1 /* MenuListClass.swift in Sources */ = {isa = PBXBuildFile; fileRef = D183BB492CB9AC9D00C124A1 /* MenuListClass.swift */; };
		D18B59D32C07C16B005A58DB /* MessageView.swift in Sources */ = {isa = PBXBuildFile; fileRef = D18B59D22C07C16B005A58DB /* MessageView.swift */; };
		D18CCA5E2CE51B6100DD4437 /* CIDataSource.swift in Sources */ = {isa = PBXBuildFile; fileRef = D18CCA5D2CE51B5900DD4437 /* CIDataSource.swift */; };
		D18CCA602CE51BCE00DD4437 /* LICENSE in Resources */ = {isa = PBXBuildFile; fileRef = D18CCA5F2CE51BC400DD4437 /* LICENSE */; };
		D18CCA622CE51CFF00DD4437 /* CIMainView.swift in Sources */ = {isa = PBXBuildFile; fileRef = D18CCA612CE51CF800DD4437 /* CIMainView.swift */; };
		D18CCA642CE51D7800DD4437 /* CIResultsView.swift in Sources */ = {isa = PBXBuildFile; fileRef = D18CCA632CE51D6E00DD4437 /* CIResultsView.swift */; };
		D19FF3712C17542F00B54B7E /* SettingsHdopView.swift in Sources */ = {isa = PBXBuildFile; fileRef = D19FF3702C17542F00B54B7E /* SettingsHdopView.swift */; };
		D1A56E812B051DB300AC8291 /* SelectTripView.swift in Sources */ = {isa = PBXBuildFile; fileRef = D1A56E802B051DB300AC8291 /* SelectTripView.swift */; };
		D1BFBD482D245FE500107E41 /* Expedition.swift in Sources */ = {isa = PBXBuildFile; fileRef = D1BFBD472D245FE500107E41 /* Expedition.swift */; };
		D1BFBD4B2D2461A900107E41 /* enums.swift in Sources */ = {isa = PBXBuildFile; fileRef = D1BFBD4A2D24619E00107E41 /* enums.swift */; };
		D1E260D42C64087300C9CFF7 /* LocalFileProcessing.swift in Sources */ = {isa = PBXBuildFile; fileRef = D1E260D32C64087300C9CFF7 /* LocalFileProcessing.swift */; };
/* End PBXBuildFile section */

/* Begin PBXContainerItemProxy section */
		D147C56929A3EC2900D948AB /* PBXContainerItemProxy */ = {
			isa = PBXContainerItemProxy;
			containerPortal = D10BB310298ADAA400667E86 /* Project object */;
			proxyType = 1;
			remoteGlobalIDString = D10BB317298ADAA400667E86;
			remoteInfo = FERN;
		};
/* End PBXContainerItemProxy section */

/* Begin PBXCopyFilesBuildPhase section */
		D127B37C2A12ECF000F6287A /* Embed Frameworks */ = {
			isa = PBXCopyFilesBuildPhase;
			buildActionMask = 2147483647;
			dstPath = "";
			dstSubfolderSpec = 10;
			files = (
				D127B37B2A12ECF000F6287A /* nmeaToolKit.framework in Embed Frameworks */,
			);
			name = "Embed Frameworks";
			runOnlyForDeploymentPostprocessing = 0;
		};
/* End PBXCopyFilesBuildPhase section */

/* Begin PBXFileReference section */
		D1036C0B2C1B4FD500E2E266 /* StartScreenController.swift */ = {isa = PBXFileReference; lastKnownFileType = sourcecode.swift; path = StartScreenController.swift; sourceTree = "<group>"; };
		D1036C0E2C1B519E00E2E266 /* StartScreenModel.swift */ = {isa = PBXFileReference; lastKnownFileType = sourcecode.swift; path = StartScreenModel.swift; sourceTree = "<group>"; };
		D107EF152B5708960020F0A2 /* SettingsView.swift */ = {isa = PBXFileReference; lastKnownFileType = sourcecode.swift; path = SettingsView.swift; sourceTree = "<group>"; };
		D107EF172B5716F60020F0A2 /* Settings.swift */ = {isa = PBXFileReference; lastKnownFileType = sourcecode.swift; path = Settings.swift; sourceTree = "<group>"; };
		D107EF1A2B571C840020F0A2 /* SettingsDatabaseView.swift */ = {isa = PBXFileReference; lastKnownFileType = sourcecode.swift; path = SettingsDatabaseView.swift; sourceTree = "<group>"; };
		D107EF1C2B571CAA0020F0A2 /* SettingsUploadView.swift */ = {isa = PBXFileReference; lastKnownFileType = sourcecode.swift; path = SettingsUploadView.swift; sourceTree = "<group>"; };
		D10BB318298ADAA400667E86 /* FERN.app */ = {isa = PBXFileReference; explicitFileType = wrapper.application; includeInIndex = 0; path = FERN.app; sourceTree = BUILT_PRODUCTS_DIR; };
		D10BB31B298ADAA400667E86 /* FERNApp.swift */ = {isa = PBXFileReference; lastKnownFileType = sourcecode.swift; path = FERNApp.swift; sourceTree = "<group>"; };
		D10BB31F298ADAA500667E86 /* Assets.xcassets */ = {isa = PBXFileReference; lastKnownFileType = folder.assetcatalog; path = Assets.xcassets; sourceTree = "<group>"; };
		D10BB322298ADAA500667E86 /* Preview Assets.xcassets */ = {isa = PBXFileReference; lastKnownFileType = folder.assetcatalog; path = "Preview Assets.xcassets"; sourceTree = "<group>"; };
		D10BB32B298AF42000667E86 /* Info.plist */ = {isa = PBXFileReference; lastKnownFileType = text.plist; path = Info.plist; sourceTree = "<group>"; };
		D11B2D8F2BF3BC81004FEE0B /* ScanPhotosInFolderForText.swift */ = {isa = PBXFileReference; lastKnownFileType = sourcecode.swift; path = ScanPhotosInFolderForText.swift; sourceTree = "<group>"; };
		D127B3782A12EC1400F6287A /* nmeaToolKit.framework */ = {isa = PBXFileReference; lastKnownFileType = wrapper.framework; name = nmeaToolKit.framework; path = FERN/nmeaToolKit.framework; sourceTree = SOURCE_ROOT; };
		D127B37D2A12ED3D00F6287A /* NMEADataClass.swift */ = {isa = PBXFileReference; lastKnownFileType = sourcecode.swift; path = NMEADataClass.swift; sourceTree = "<group>"; };
		D127B37F2A12EDF600F6287A /* NMEADataView.swift */ = {isa = PBXFileReference; lastKnownFileType = sourcecode.swift; path = NMEADataView.swift; sourceTree = "<group>"; };
		D130BAD92B5ADEAE00F0C47C /* Trip.swift */ = {isa = PBXFileReference; lastKnownFileType = sourcecode.swift; path = Trip.swift; sourceTree = "<group>"; };
		D147C56529A3EC2900D948AB /* FERNTests.xctest */ = {isa = PBXFileReference; explicitFileType = wrapper.cfbundle; includeInIndex = 0; path = FERNTests.xctest; sourceTree = BUILT_PRODUCTS_DIR; };
		D147C56729A3EC2900D948AB /* FERNTests.swift */ = {isa = PBXFileReference; lastKnownFileType = sourcecode.swift; path = FERNTests.swift; sourceTree = "<group>"; };
		D15BFD132BBF55000013B67F /* OCRModel.swift */ = {isa = PBXFileReference; lastKnownFileType = sourcecode.swift; path = OCRModel.swift; sourceTree = "<group>"; };
		D15BFD172BBF55590013B67F /* TextPreviewView.swift */ = {isa = PBXFileReference; lastKnownFileType = sourcecode.swift; path = TextPreviewView.swift; sourceTree = "<group>"; };
		D162E6EB2C59495500E419A5 /* SelectTripForTestingView.swift */ = {isa = PBXFileReference; lastKnownFileType = sourcecode.swift; path = SelectTripForTestingView.swift; sourceTree = "<group>"; };
		D167963A2BD9B78A00561875 /* SettingsCesiumView.swift */ = {isa = PBXFileReference; lastKnownFileType = sourcecode.swift; path = SettingsCesiumView.swift; sourceTree = "<group>"; };
		D167963E2BDAEF2200561875 /* RandoTestingView.swift */ = {isa = PBXFileReference; lastKnownFileType = sourcecode.swift; path = RandoTestingView.swift; sourceTree = "<group>"; };
		D16796422BE02CFF00561875 /* SelectTripForCesiumView.swift */ = {isa = PBXFileReference; lastKnownFileType = sourcecode.swift; path = SelectTripForCesiumView.swift; sourceTree = "<group>"; };
		D16A6C7129901A2000835B5E /* SelectAreaView.swift */ = {isa = PBXFileReference; lastKnownFileType = sourcecode.swift; path = SelectAreaView.swift; sourceTree = "<group>"; };
		D16A6C7B2995D18100835B5E /* StartScreenView.swift */ = {isa = PBXFileReference; lastKnownFileType = sourcecode.swift; path = StartScreenView.swift; sourceTree = "<group>"; };
		D16A6C7D29970E0900835B5E /* SelectNotesView.swift */ = {isa = PBXFileReference; lastKnownFileType = sourcecode.swift; path = SelectNotesView.swift; sourceTree = "<group>"; };
		D16A6C7F299AC65600835B5E /* SelectReportView.swift */ = {isa = PBXFileReference; lastKnownFileType = sourcecode.swift; path = SelectReportView.swift; sourceTree = "<group>"; };
		D16A6C87299AF32600835B5E /* ReportRoutes.swift */ = {isa = PBXFileReference; lastKnownFileType = sourcecode.swift; path = ReportRoutes.swift; sourceTree = "<group>"; };
		D16B38DA2CBF197100AD32C0 /* TripCompleteView.swift */ = {isa = PBXFileReference; lastKnownFileType = sourcecode.swift; path = TripCompleteView.swift; sourceTree = "<group>"; };
		D16FA60F2C1CB74C0090E756 /* MenuListController.swift */ = {isa = PBXFileReference; lastKnownFileType = sourcecode.swift; path = MenuListController.swift; sourceTree = "<group>"; };
		D16FA6112C1CB7A50090E756 /* MenuListModel.swift */ = {isa = PBXFileReference; lastKnownFileType = sourcecode.swift; path = MenuListModel.swift; sourceTree = "<group>"; };
		D16FA61A2C20BEDC0090E756 /* CameraView.swift */ = {isa = PBXFileReference; lastKnownFileType = sourcecode.swift; path = CameraView.swift; sourceTree = "<group>"; };
		D16FA62D2C2488A10090E756 /* CameraClass.swift */ = {isa = PBXFileReference; lastKnownFileType = sourcecode.swift; path = CameraClass.swift; sourceTree = "<group>"; };
		D16FA62F2C248FF30090E756 /* GPSClass.swift */ = {isa = PBXFileReference; lastKnownFileType = sourcecode.swift; path = GPSClass.swift; sourceTree = "<group>"; };
		D16FA6312C24C8EB0090E756 /* MapClass.swift */ = {isa = PBXFileReference; lastKnownFileType = sourcecode.swift; path = MapClass.swift; sourceTree = "<group>"; };
		D16FA6332C25C7FC0090E756 /* URLSessionsClass.swift */ = {isa = PBXFileReference; lastKnownFileType = sourcecode.swift; path = URLSessionsClass.swift; sourceTree = "<group>"; };
		D16FA6372C25CA380090E756 /* MapStruct.swift */ = {isa = PBXFileReference; lastKnownFileType = sourcecode.swift; path = MapStruct.swift; sourceTree = "<group>"; };
		D16FA63A2C25DC0B0090E756 /* TextRecognitionStruct.swift */ = {isa = PBXFileReference; lastKnownFileType = sourcecode.swift; path = TextRecognitionStruct.swift; sourceTree = "<group>"; };
		D16FA63E2C25E1760090E756 /* CapstoneModels.swift */ = {isa = PBXFileReference; lastKnownFileType = sourcecode.swift; path = CapstoneModels.swift; sourceTree = "<group>"; };
		D16FA6402C25E1F50090E756 /* SoundsStruct.swift */ = {isa = PBXFileReference; lastKnownFileType = sourcecode.swift; path = SoundsStruct.swift; sourceTree = "<group>"; };
		D16FA6422C25E23F0090E756 /* ImagePickerStruct.swift */ = {isa = PBXFileReference; lastKnownFileType = sourcecode.swift; path = ImagePickerStruct.swift; sourceTree = "<group>"; };
		D16FA6462C25E3920090E756 /* CoreLocationClass.swift */ = {isa = PBXFileReference; lastKnownFileType = sourcecode.swift; path = CoreLocationClass.swift; sourceTree = "<group>"; };
		D16FA6502C29D9040090E756 /* SelectMapPlatformView.swift */ = {isa = PBXFileReference; lastKnownFileType = sourcecode.swift; path = SelectMapPlatformView.swift; sourceTree = "<group>"; };
		D16FA6542C29E9D20090E756 /* ShowListFromDatabaseView.swift */ = {isa = PBXFileReference; lastKnownFileType = sourcecode.swift; path = ShowListFromDatabaseView.swift; sourceTree = "<group>"; };
		D16FA6562C2DE0330090E756 /* SelectTripTypeView.swift */ = {isa = PBXFileReference; lastKnownFileType = sourcecode.swift; path = SelectTripTypeView.swift; sourceTree = "<group>"; };
		D16FA6582C2F0DCA0090E756 /* FileUploadClass.swift */ = {isa = PBXFileReference; lastKnownFileType = sourcecode.swift; path = FileUploadClass.swift; sourceTree = "<group>"; };
		D16FA65A2C2F57B70090E756 /* UploadFilesView.swift */ = {isa = PBXFileReference; lastKnownFileType = sourcecode.swift; path = UploadFilesView.swift; sourceTree = "<group>"; };
		D1766C9C298DB978002F594D /* MainMenuView.swift */ = {isa = PBXFileReference; lastKnownFileType = sourcecode.swift; path = MainMenuView.swift; sourceTree = "<group>"; };
		D1766C9E298DB9B2002F594D /* SearchByNameView.swift */ = {isa = PBXFileReference; lastKnownFileType = sourcecode.swift; path = SearchByNameView.swift; sourceTree = "<group>"; };
		D1766CA0298DB9C6002F594D /* MapView.swift */ = {isa = PBXFileReference; lastKnownFileType = sourcecode.swift; path = MapView.swift; sourceTree = "<group>"; };
		D1807ABC2C5C22DC004EB245 /* NetworkMonitorClass.swift */ = {isa = PBXFileReference; lastKnownFileType = sourcecode.swift; path = NetworkMonitorClass.swift; sourceTree = "<group>"; };
		D183BB2F2CA311AD00C124A1 /* SettingsOfflineModeView.swift */ = {isa = PBXFileReference; lastKnownFileType = sourcecode.swift; path = SettingsOfflineModeView.swift; sourceTree = "<group>"; };
		D183BB332CB08A3D00C124A1 /* ConsoleTextView.swift */ = {isa = PBXFileReference; lastKnownFileType = sourcecode.swift; path = ConsoleTextView.swift; sourceTree = "<group>"; };
		D183BB362CB47FD700C124A1 /* LoggerStruct.swift */ = {isa = PBXFileReference; lastKnownFileType = sourcecode.swift; path = LoggerStruct.swift; sourceTree = "<group>"; };
		D183BB3F2CB8456500C124A1 /* Alerts.swift */ = {isa = PBXFileReference; lastKnownFileType = sourcecode.swift; path = Alerts.swift; sourceTree = "<group>"; };
		D183BB422CB845FC00C124A1 /* MeasurementsClass.swift */ = {isa = PBXFileReference; lastKnownFileType = sourcecode.swift; path = MeasurementsClass.swift; sourceTree = "<group>"; };
		D183BB452CB84AFF00C124A1 /* Strings.swift */ = {isa = PBXFileReference; lastKnownFileType = sourcecode.swift; path = Strings.swift; sourceTree = "<group>"; };
		D183BB472CB84D5B00C124A1 /* RoutingCache.swift */ = {isa = PBXFileReference; lastKnownFileType = sourcecode.swift; path = RoutingCache.swift; sourceTree = "<group>"; };
		D183BB492CB9AC9D00C124A1 /* MenuListClass.swift */ = {isa = PBXFileReference; lastKnownFileType = sourcecode.swift; path = MenuListClass.swift; sourceTree = "<group>"; };
		D18B59D22C07C16B005A58DB /* MessageView.swift */ = {isa = PBXFileReference; lastKnownFileType = sourcecode.swift; path = MessageView.swift; sourceTree = "<group>"; };
		D18CCA5D2CE51B5900DD4437 /* CIDataSource.swift */ = {isa = PBXFileReference; lastKnownFileType = sourcecode.swift; path = CIDataSource.swift; sourceTree = "<group>"; };
		D18CCA5F2CE51BC400DD4437 /* LICENSE */ = {isa = PBXFileReference; lastKnownFileType = text; path = LICENSE; sourceTree = "<group>"; };
		D18CCA612CE51CF800DD4437 /* CIMainView.swift */ = {isa = PBXFileReference; lastKnownFileType = sourcecode.swift; path = CIMainView.swift; sourceTree = "<group>"; };
		D18CCA632CE51D6E00DD4437 /* CIResultsView.swift */ = {isa = PBXFileReference; lastKnownFileType = sourcecode.swift; path = CIResultsView.swift; sourceTree = "<group>"; };
		D19FF3702C17542F00B54B7E /* SettingsHdopView.swift */ = {isa = PBXFileReference; lastKnownFileType = sourcecode.swift; path = SettingsHdopView.swift; sourceTree = "<group>"; };
		D1A56E802B051DB300AC8291 /* SelectTripView.swift */ = {isa = PBXFileReference; lastKnownFileType = sourcecode.swift; path = SelectTripView.swift; sourceTree = "<group>"; };
		D1BFBD472D245FE500107E41 /* Expedition.swift */ = {isa = PBXFileReference; lastKnownFileType = sourcecode.swift; path = Expedition.swift; sourceTree = "<group>"; };
		D1BFBD4A2D24619E00107E41 /* enums.swift */ = {isa = PBXFileReference; lastKnownFileType = sourcecode.swift; path = enums.swift; sourceTree = "<group>"; };
		D1E260D32C64087300C9CFF7 /* LocalFileProcessing.swift */ = {isa = PBXFileReference; lastKnownFileType = sourcecode.swift; path = LocalFileProcessing.swift; sourceTree = "<group>"; };
/* End PBXFileReference section */

/* Begin PBXFrameworksBuildPhase section */
		D10BB315298ADAA400667E86 /* Frameworks */ = {
			isa = PBXFrameworksBuildPhase;
			buildActionMask = 2147483647;
			files = (
				D127B37A2A12ECF000F6287A /* nmeaToolKit.framework in Frameworks */,
			);
			runOnlyForDeploymentPostprocessing = 0;
		};
		D147C56229A3EC2900D948AB /* Frameworks */ = {
			isa = PBXFrameworksBuildPhase;
			buildActionMask = 2147483647;
			files = (
			);
			runOnlyForDeploymentPostprocessing = 0;
		};
/* End PBXFrameworksBuildPhase section */

/* Begin PBXGroup section */
		D1036C082C1B3B5800E2E266 /* Controllers */ = {
			isa = PBXGroup;
			children = (
				D16FA60F2C1CB74C0090E756 /* MenuListController.swift */,
				D1036C0B2C1B4FD500E2E266 /* StartScreenController.swift */,
			);
			path = Controllers;
			sourceTree = "<group>";
		};
		D107EF192B571C610020F0A2 /* Settings */ = {
			isa = PBXGroup;
			children = (
				D107EF152B5708960020F0A2 /* SettingsView.swift */,
				D167963A2BD9B78A00561875 /* SettingsCesiumView.swift */,
				D107EF1A2B571C840020F0A2 /* SettingsDatabaseView.swift */,
				D107EF1C2B571CAA0020F0A2 /* SettingsUploadView.swift */,
				D19FF3702C17542F00B54B7E /* SettingsHdopView.swift */,
				D183BB2F2CA311AD00C124A1 /* SettingsOfflineModeView.swift */,
			);
			path = Settings;
			sourceTree = "<group>";
		};
		D10BB30F298ADAA400667E86 = {
			isa = PBXGroup;
			children = (
				D10BB31A298ADAA400667E86 /* FERN */,
				D147C56629A3EC2900D948AB /* FERNTests */,
				D10BB319298ADAA400667E86 /* Products */,
			);
			sourceTree = "<group>";
		};
		D10BB319298ADAA400667E86 /* Products */ = {
			isa = PBXGroup;
			children = (
				D10BB318298ADAA400667E86 /* FERN.app */,
				D147C56529A3EC2900D948AB /* FERNTests.xctest */,
			);
			name = Products;
			sourceTree = "<group>";
		};
		D10BB31A298ADAA400667E86 /* FERN */ = {
			isa = PBXGroup;
			children = (
				D10BB31B298ADAA400667E86 /* FERNApp.swift */,
				D183BB3B2CB8441100C124A1 /* Components */,
				D1A56E942B07D05E00AC8291 /* Views */,
				D1036C082C1B3B5800E2E266 /* Controllers */,
				D1A56E972B07D0DE00AC8291 /* Persistence */,
				D127B3772A12EBB400F6287A /* NMEA */,
				D10BB31F298ADAA500667E86 /* Assets.xcassets */,
				D10BB32B298AF42000667E86 /* Info.plist */,
				D10BB321298ADAA500667E86 /* Preview Content */,
			);
			path = FERN;
			sourceTree = "<group>";
		};
		D10BB321298ADAA500667E86 /* Preview Content */ = {
			isa = PBXGroup;
			children = (
				D10BB322298ADAA500667E86 /* Preview Assets.xcassets */,
			);
			path = "Preview Content";
			sourceTree = "<group>";
		};
		D127B3772A12EBB400F6287A /* NMEA */ = {
			isa = PBXGroup;
			children = (
				D127B3782A12EC1400F6287A /* nmeaToolKit.framework */,
			);
			path = NMEA;
			sourceTree = "<group>";
		};
		D147C56629A3EC2900D948AB /* FERNTests */ = {
			isa = PBXGroup;
			children = (
				D147C56729A3EC2900D948AB /* FERNTests.swift */,
			);
			path = FERNTests;
			sourceTree = "<group>";
		};
		D16FA6172C2082C20090E756 /* Maps */ = {
			isa = PBXGroup;
			children = (
				D1766CA0298DB9C6002F594D /* MapView.swift */,
			);
			path = Maps;
			sourceTree = "<group>";
		};
		D16FA6392C25DABF0090E756 /* Camera */ = {
			isa = PBXGroup;
			children = (
				D16FA61A2C20BEDC0090E756 /* CameraView.swift */,
			);
			path = Camera;
			sourceTree = "<group>";
		};
		D16FA63C2C25DC400090E756 /* Testing */ = {
			isa = PBXGroup;
			children = (
				D127B37F2A12EDF600F6287A /* NMEADataView.swift */,
				D167963E2BDAEF2200561875 /* RandoTestingView.swift */,
				D162E6EB2C59495500E419A5 /* SelectTripForTestingView.swift */,
				D183BB332CB08A3D00C124A1 /* ConsoleTextView.swift */,
			);
			path = Testing;
			sourceTree = "<group>";
		};
		D16FA63D2C25DEF70090E756 /* TextRecognition */ = {
			isa = PBXGroup;
			children = (
				D11B2D8F2BF3BC81004FEE0B /* ScanPhotosInFolderForText.swift */,
				D15BFD172BBF55590013B67F /* TextPreviewView.swift */,
			);
			path = TextRecognition;
			sourceTree = "<group>";
		};
		D16FA64A2C25E4890090E756 /* GPS */ = {
			isa = PBXGroup;
			children = (
				D16FA6462C25E3920090E756 /* CoreLocationClass.swift */,
				D16FA62F2C248FF30090E756 /* GPSClass.swift */,
				D127B37D2A12ED3D00F6287A /* NMEADataClass.swift */,
			);
			path = GPS;
			sourceTree = "<group>";
		};
		D16FA64B2C25E4EC0090E756 /* OCR */ = {
			isa = PBXGroup;
			children = (
				D15BFD132BBF55000013B67F /* OCRModel.swift */,
				D16FA63A2C25DC0B0090E756 /* TextRecognitionStruct.swift */,
			);
			path = OCR;
			sourceTree = "<group>";
		};
		D16FA64C2C25E5210090E756 /* Images */ = {
			isa = PBXGroup;
			children = (
				D16FA62D2C2488A10090E756 /* CameraClass.swift */,
				D16FA6422C25E23F0090E756 /* ImagePickerStruct.swift */,
			);
			path = Images;
			sourceTree = "<group>";
		};
		D16FA64D2C25E54B0090E756 /* Maps */ = {
			isa = PBXGroup;
			children = (
				D16FA6312C24C8EB0090E756 /* MapClass.swift */,
				D16FA6372C25CA380090E756 /* MapStruct.swift */,
			);
			path = Maps;
			sourceTree = "<group>";
		};
		D183BB352CB47F8D00C124A1 /* Logger */ = {
			isa = PBXGroup;
			children = (
				D183BB362CB47FD700C124A1 /* LoggerStruct.swift */,
			);
			path = Logger;
			sourceTree = "<group>";
		};
		D183BB382CB8406400C124A1 /* OfflineMode */ = {
			isa = PBXGroup;
			children = (
				D183BB472CB84D5B00C124A1 /* RoutingCache.swift */,
			);
			path = OfflineMode;
			sourceTree = "<group>";
		};
		D183BB392CB8419D00C124A1 /* Networking */ = {
			isa = PBXGroup;
			children = (
				D1807ABC2C5C22DC004EB245 /* NetworkMonitorClass.swift */,
				D183BB3A2CB841BC00C124A1 /* Uploads */,
			);
			path = Networking;
			sourceTree = "<group>";
		};
		D183BB3A2CB841BC00C124A1 /* Uploads */ = {
			isa = PBXGroup;
			children = (
				D16FA6582C2F0DCA0090E756 /* FileUploadClass.swift */,
				D16FA6332C25C7FC0090E756 /* URLSessionsClass.swift */,
			);
			path = Uploads;
			sourceTree = "<group>";
		};
		D183BB3B2CB8441100C124A1 /* Components */ = {
			isa = PBXGroup;
			children = (
				D16FA63E2C25E1760090E756 /* CapstoneModels.swift */,
				D16FA6112C1CB7A50090E756 /* MenuListModel.swift */,
				D1036C0E2C1B519E00E2E266 /* StartScreenModel.swift */,
				D183BB3E2CB8454100C124A1 /* Alerts */,
				D18CCA4C2CE5196700DD4437 /* ClassifyImage */,
				D1BFBD492D24617900107E41 /* Enums */,
				D16FA64A2C25E4890090E756 /* GPS */,
				D16FA64C2C25E5210090E756 /* Images */,
				D183BB3C2CB844C900C124A1 /* LocalMetadata */,
				D183BB352CB47F8D00C124A1 /* Logger */,
				D16FA64D2C25E54B0090E756 /* Maps */,
				D183BB412CB845D200C124A1 /* Measurements */,
				D183BB392CB8419D00C124A1 /* Networking */,
				D16FA64B2C25E4EC0090E756 /* OCR */,
				D183BB382CB8406400C124A1 /* OfflineMode */,
				D183BB442CB84AE600C124A1 /* Strings */,
				D183BB3D2CB8451E00C124A1 /* Sounds */,
				D183BB492CB9AC9D00C124A1 /* MenuListClass.swift */,
			);
			path = Components;
			sourceTree = "<group>";
		};
		D183BB3C2CB844C900C124A1 /* LocalMetadata */ = {
			isa = PBXGroup;
			children = (
				D1E260D32C64087300C9CFF7 /* LocalFileProcessing.swift */,
			);
			path = LocalMetadata;
			sourceTree = "<group>";
		};
		D183BB3D2CB8451E00C124A1 /* Sounds */ = {
			isa = PBXGroup;
			children = (
				D16FA6402C25E1F50090E756 /* SoundsStruct.swift */,
			);
			path = Sounds;
			sourceTree = "<group>";
		};
		D183BB3E2CB8454100C124A1 /* Alerts */ = {
			isa = PBXGroup;
			children = (
				D183BB3F2CB8456500C124A1 /* Alerts.swift */,
			);
			path = Alerts;
			sourceTree = "<group>";
		};
		D183BB412CB845D200C124A1 /* Measurements */ = {
			isa = PBXGroup;
			children = (
				D183BB422CB845FC00C124A1 /* MeasurementsClass.swift */,
			);
			path = Measurements;
			sourceTree = "<group>";
		};
		D183BB442CB84AE600C124A1 /* Strings */ = {
			isa = PBXGroup;
			children = (
				D183BB452CB84AFF00C124A1 /* Strings.swift */,
			);
			path = Strings;
			sourceTree = "<group>";
		};
		D18B59C92C078849005A58DB /* Capstone Views */ = {
			isa = PBXGroup;
			children = (
				D16A6C7D29970E0900835B5E /* SelectNotesView.swift */,
				D16A6C7F299AC65600835B5E /* SelectReportView.swift */,
				D1766C9E298DB9B2002F594D /* SearchByNameView.swift */,
				D16A6C7129901A2000835B5E /* SelectAreaView.swift */,
				D1A56E952B07D09D00AC8291 /* Reports */,
			);
			path = "Capstone Views";
			sourceTree = "<group>";
		};
		D18B59D42C07C3A6005A58DB /* App Navigation */ = {
			isa = PBXGroup;
			children = (
				D1766C9C298DB978002F594D /* MainMenuView.swift */,
				D16FA6502C29D9040090E756 /* SelectMapPlatformView.swift */,
				D16796422BE02CFF00561875 /* SelectTripForCesiumView.swift */,
				D16FA6562C2DE0330090E756 /* SelectTripTypeView.swift */,
				D1A56E802B051DB300AC8291 /* SelectTripView.swift */,
				D16FA6542C29E9D20090E756 /* ShowListFromDatabaseView.swift */,
				D16B38DA2CBF197100AD32C0 /* TripCompleteView.swift */,
			);
			path = "App Navigation";
			sourceTree = "<group>";
		};
		D18CCA4C2CE5196700DD4437 /* ClassifyImage */ = {
			isa = PBXGroup;
			children = (
				D18CCA5D2CE51B5900DD4437 /* CIDataSource.swift */,
				D18CCA5F2CE51BC400DD4437 /* LICENSE */,
			);
			path = ClassifyImage;
			sourceTree = "<group>";
		};
		D18CCA652CE54F9900DD4437 /* ClassifyImage */ = {
			isa = PBXGroup;
			children = (
				D18CCA612CE51CF800DD4437 /* CIMainView.swift */,
				D18CCA632CE51D6E00DD4437 /* CIResultsView.swift */,
			);
			path = ClassifyImage;
			sourceTree = "<group>";
		};
		D1A56E942B07D05E00AC8291 /* Views */ = {
			isa = PBXGroup;
			children = (
				D16A6C7B2995D18100835B5E /* StartScreenView.swift */,
				D16FA6392C25DABF0090E756 /* Camera */,
				D18CCA652CE54F9900DD4437 /* ClassifyImage */,
				D16FA6172C2082C20090E756 /* Maps */,
				D18B59D42C07C3A6005A58DB /* App Navigation */,
				D18B59C92C078849005A58DB /* Capstone Views */,
				D107EF192B571C610020F0A2 /* Settings */,
				D16FA63C2C25DC400090E756 /* Testing */,
				D16FA63D2C25DEF70090E756 /* TextRecognition */,
				D18B59D22C07C16B005A58DB /* MessageView.swift */,
				D16FA65A2C2F57B70090E756 /* UploadFilesView.swift */,
			);
			path = Views;
			sourceTree = "<group>";
		};
		D1A56E952B07D09D00AC8291 /* Reports */ = {
			isa = PBXGroup;
			children = (
				D16A6C87299AF32600835B5E /* ReportRoutes.swift */,
			);
			path = Reports;
			sourceTree = "<group>";
		};
		D1A56E972B07D0DE00AC8291 /* Persistence */ = {
			isa = PBXGroup;
			children = (
				D107EF172B5716F60020F0A2 /* Settings.swift */,
				D130BAD92B5ADEAE00F0C47C /* Trip.swift */,
				D1BFBD472D245FE500107E41 /* Expedition.swift */,
			);
			path = Persistence;
			sourceTree = "<group>";
		};
		D1BFBD492D24617900107E41 /* Enums */ = {
			isa = PBXGroup;
			children = (
				D1BFBD4A2D24619E00107E41 /* enums.swift */,
			);
			path = Enums;
			sourceTree = "<group>";
		};
/* End PBXGroup section */

/* Begin PBXNativeTarget section */
		D10BB317298ADAA400667E86 /* FERN */ = {
			isa = PBXNativeTarget;
			buildConfigurationList = D10BB326298ADAA500667E86 /* Build configuration list for PBXNativeTarget "FERN" */;
			buildPhases = (
				D10BB314298ADAA400667E86 /* Sources */,
				D10BB315298ADAA400667E86 /* Frameworks */,
				D10BB316298ADAA400667E86 /* Resources */,
				D127B37C2A12ECF000F6287A /* Embed Frameworks */,
			);
			buildRules = (
			);
			dependencies = (
			);
			name = FERN;
			productName = FERN;
			productReference = D10BB318298ADAA400667E86 /* FERN.app */;
			productType = "com.apple.product-type.application";
		};
		D147C56429A3EC2900D948AB /* FERNTests */ = {
			isa = PBXNativeTarget;
			buildConfigurationList = D147C56B29A3EC2900D948AB /* Build configuration list for PBXNativeTarget "FERNTests" */;
			buildPhases = (
				D147C56129A3EC2900D948AB /* Sources */,
				D147C56229A3EC2900D948AB /* Frameworks */,
				D147C56329A3EC2900D948AB /* Resources */,
			);
			buildRules = (
			);
			dependencies = (
				D147C56A29A3EC2900D948AB /* PBXTargetDependency */,
			);
			name = FERNTests;
			productName = FERNTests;
			productReference = D147C56529A3EC2900D948AB /* FERNTests.xctest */;
			productType = "com.apple.product-type.bundle.unit-test";
		};
/* End PBXNativeTarget section */

/* Begin PBXProject section */
		D10BB310298ADAA400667E86 /* Project object */ = {
			isa = PBXProject;
			attributes = {
				BuildIndependentTargetsInParallel = 1;
				LastSwiftUpdateCheck = 1420;
				LastUpgradeCheck = 1500;
				TargetAttributes = {
					D10BB317298ADAA400667E86 = {
						CreatedOnToolsVersion = 14.2;
					};
					D147C56429A3EC2900D948AB = {
						CreatedOnToolsVersion = 14.2;
						TestTargetID = D10BB317298ADAA400667E86;
					};
				};
			};
			buildConfigurationList = D10BB313298ADAA400667E86 /* Build configuration list for PBXProject "FERN" */;
			compatibilityVersion = "Xcode 14.0";
			developmentRegion = en;
			hasScannedForEncodings = 0;
			knownRegions = (
				en,
				Base,
			);
			mainGroup = D10BB30F298ADAA400667E86;
			productRefGroup = D10BB319298ADAA400667E86 /* Products */;
			projectDirPath = "";
			projectRoot = "";
			targets = (
				D10BB317298ADAA400667E86 /* FERN */,
				D147C56429A3EC2900D948AB /* FERNTests */,
			);
		};
/* End PBXProject section */

/* Begin PBXResourcesBuildPhase section */
		D10BB316298ADAA400667E86 /* Resources */ = {
			isa = PBXResourcesBuildPhase;
			buildActionMask = 2147483647;
			files = (
				D18CCA602CE51BCE00DD4437 /* LICENSE in Resources */,
				D10BB323298ADAA500667E86 /* Preview Assets.xcassets in Resources */,
				D10BB320298ADAA500667E86 /* Assets.xcassets in Resources */,
			);
			runOnlyForDeploymentPostprocessing = 0;
		};
		D147C56329A3EC2900D948AB /* Resources */ = {
			isa = PBXResourcesBuildPhase;
			buildActionMask = 2147483647;
			files = (
			);
			runOnlyForDeploymentPostprocessing = 0;
		};
/* End PBXResourcesBuildPhase section */

/* Begin PBXSourcesBuildPhase section */
		D10BB314298ADAA400667E86 /* Sources */ = {
			isa = PBXSourcesBuildPhase;
			buildActionMask = 2147483647;
			files = (
				D15BFD182BBF55590013B67F /* TextPreviewView.swift in Sources */,
				D107EF1D2B571CAA0020F0A2 /* SettingsUploadView.swift in Sources */,
				D1BFBD4B2D2461A900107E41 /* enums.swift in Sources */,
				D16FA6512C29D9040090E756 /* SelectMapPlatformView.swift in Sources */,
				D1766CA1298DB9C6002F594D /* MapView.swift in Sources */,
				D183BB302CA311AD00C124A1 /* SettingsOfflineModeView.swift in Sources */,
				D1BFBD482D245FE500107E41 /* Expedition.swift in Sources */,
				D1E260D42C64087300C9CFF7 /* LocalFileProcessing.swift in Sources */,
				D1766C9D298DB978002F594D /* MainMenuView.swift in Sources */,
				D18CCA642CE51D7800DD4437 /* CIResultsView.swift in Sources */,
				D16FA6432C25E23F0090E756 /* ImagePickerStruct.swift in Sources */,
				D127B3802A12EDF600F6287A /* NMEADataView.swift in Sources */,
				D130BADA2B5ADEAE00F0C47C /* Trip.swift in Sources */,
				D1807ABD2C5C22DC004EB245 /* NetworkMonitorClass.swift in Sources */,
				D16FA61B2C20BEDC0090E756 /* CameraView.swift in Sources */,
				D183BB462CB84AFF00C124A1 /* Strings.swift in Sources */,
				D18B59D32C07C16B005A58DB /* MessageView.swift in Sources */,
				D16B38DB2CBF197100AD32C0 /* TripCompleteView.swift in Sources */,
				D16796432BE02CFF00561875 /* SelectTripForCesiumView.swift in Sources */,
				D18CCA622CE51CFF00DD4437 /* CIMainView.swift in Sources */,
				D16A6C7229901A2000835B5E /* SelectAreaView.swift in Sources */,
				D11B2D902BF3BC81004FEE0B /* ScanPhotosInFolderForText.swift in Sources */,
				D1036C0F2C1B519E00E2E266 /* StartScreenModel.swift in Sources */,
				D16FA6572C2DE0340090E756 /* SelectTripTypeView.swift in Sources */,
				D183BB342CB08A3D00C124A1 /* ConsoleTextView.swift in Sources */,
				D162E6EC2C59495500E419A5 /* SelectTripForTestingView.swift in Sources */,
				D127B37E2A12ED3D00F6287A /* NMEADataClass.swift in Sources */,
				D183BB482CB84D5B00C124A1 /* RoutingCache.swift in Sources */,
				D16FA65B2C2F57B70090E756 /* UploadFilesView.swift in Sources */,
				D16FA6472C25E3920090E756 /* CoreLocationClass.swift in Sources */,
				D16FA6122C1CB7A50090E756 /* MenuListModel.swift in Sources */,
				D107EF182B5716F60020F0A2 /* Settings.swift in Sources */,
				D1766C9F298DB9B2002F594D /* SearchByNameView.swift in Sources */,
				D15BFD142BBF55000013B67F /* OCRModel.swift in Sources */,
				D1036C0C2C1B4FD500E2E266 /* StartScreenController.swift in Sources */,
				D107EF162B5708960020F0A2 /* SettingsView.swift in Sources */,
				D107EF1B2B571C840020F0A2 /* SettingsDatabaseView.swift in Sources */,
				D16FA6102C1CB74C0090E756 /* MenuListController.swift in Sources */,
				D16A6C7C2995D18100835B5E /* StartScreenView.swift in Sources */,
				D183BB432CB845FC00C124A1 /* MeasurementsClass.swift in Sources */,
				D16FA6382C25CA380090E756 /* MapStruct.swift in Sources */,
				D16FA63F2C25E1760090E756 /* CapstoneModels.swift in Sources */,
				D16FA6592C2F0DCA0090E756 /* FileUploadClass.swift in Sources */,
				D183BB402CB8456500C124A1 /* Alerts.swift in Sources */,
				D16A6C88299AF32600835B5E /* ReportRoutes.swift in Sources */,
				D16FA63B2C25DC0B0090E756 /* TextRecognitionStruct.swift in Sources */,
				D183BB372CB47FD700C124A1 /* LoggerStruct.swift in Sources */,
				D19FF3712C17542F00B54B7E /* SettingsHdopView.swift in Sources */,
				D18CCA5E2CE51B6100DD4437 /* CIDataSource.swift in Sources */,
				D167963B2BD9B78A00561875 /* SettingsCesiumView.swift in Sources */,
				D1A56E812B051DB300AC8291 /* SelectTripView.swift in Sources */,
				D183BB4A2CB9AC9D00C124A1 /* MenuListClass.swift in Sources */,
				D16A6C80299AC65600835B5E /* SelectReportView.swift in Sources */,
				D16FA6552C29E9D20090E756 /* ShowListFromDatabaseView.swift in Sources */,
				D16FA62E2C2488A10090E756 /* CameraClass.swift in Sources */,
				D16FA6342C25C7FC0090E756 /* URLSessionsClass.swift in Sources */,
				D10BB31C298ADAA400667E86 /* FERNApp.swift in Sources */,
				D167963F2BDAEF2200561875 /* RandoTestingView.swift in Sources */,
				D16FA6412C25E1F50090E756 /* SoundsStruct.swift in Sources */,
				D16FA6302C248FF30090E756 /* GPSClass.swift in Sources */,
				D16A6C7E29970E0900835B5E /* SelectNotesView.swift in Sources */,
				D16FA6322C24C8EB0090E756 /* MapClass.swift in Sources */,
			);
			runOnlyForDeploymentPostprocessing = 0;
		};
		D147C56129A3EC2900D948AB /* Sources */ = {
			isa = PBXSourcesBuildPhase;
			buildActionMask = 2147483647;
			files = (
				D147C56829A3EC2900D948AB /* FERNTests.swift in Sources */,
			);
			runOnlyForDeploymentPostprocessing = 0;
		};
/* End PBXSourcesBuildPhase section */

/* Begin PBXTargetDependency section */
		D147C56A29A3EC2900D948AB /* PBXTargetDependency */ = {
			isa = PBXTargetDependency;
			target = D10BB317298ADAA400667E86 /* FERN */;
			targetProxy = D147C56929A3EC2900D948AB /* PBXContainerItemProxy */;
		};
/* End PBXTargetDependency section */

/* Begin XCBuildConfiguration section */
		D10BB324298ADAA500667E86 /* Debug */ = {
			isa = XCBuildConfiguration;
			buildSettings = {
				ALWAYS_SEARCH_USER_PATHS = NO;
				CLANG_ANALYZER_NONNULL = YES;
				CLANG_ANALYZER_NUMBER_OBJECT_CONVERSION = YES_AGGRESSIVE;
				CLANG_CXX_LANGUAGE_STANDARD = "gnu++20";
				CLANG_ENABLE_MODULES = YES;
				CLANG_ENABLE_OBJC_ARC = YES;
				CLANG_ENABLE_OBJC_WEAK = YES;
				CLANG_WARN_BLOCK_CAPTURE_AUTORELEASING = YES;
				CLANG_WARN_BOOL_CONVERSION = YES;
				CLANG_WARN_COMMA = YES;
				CLANG_WARN_CONSTANT_CONVERSION = YES;
				CLANG_WARN_DEPRECATED_OBJC_IMPLEMENTATIONS = YES;
				CLANG_WARN_DIRECT_OBJC_ISA_USAGE = YES_ERROR;
				CLANG_WARN_DOCUMENTATION_COMMENTS = YES;
				CLANG_WARN_EMPTY_BODY = YES;
				CLANG_WARN_ENUM_CONVERSION = YES;
				CLANG_WARN_INFINITE_RECURSION = YES;
				CLANG_WARN_INT_CONVERSION = YES;
				CLANG_WARN_NON_LITERAL_NULL_CONVERSION = YES;
				CLANG_WARN_OBJC_IMPLICIT_RETAIN_SELF = YES;
				CLANG_WARN_OBJC_LITERAL_CONVERSION = YES;
				CLANG_WARN_OBJC_ROOT_CLASS = YES_ERROR;
				CLANG_WARN_QUOTED_INCLUDE_IN_FRAMEWORK_HEADER = YES;
				CLANG_WARN_RANGE_LOOP_ANALYSIS = YES;
				CLANG_WARN_STRICT_PROTOTYPES = YES;
				CLANG_WARN_SUSPICIOUS_MOVE = YES;
				CLANG_WARN_UNGUARDED_AVAILABILITY = YES_AGGRESSIVE;
				CLANG_WARN_UNREACHABLE_CODE = YES;
				CLANG_WARN__DUPLICATE_METHOD_MATCH = YES;
				COPY_PHASE_STRIP = NO;
				DEBUG_INFORMATION_FORMAT = dwarf;
				ENABLE_STRICT_OBJC_MSGSEND = YES;
				ENABLE_TESTABILITY = YES;
				ENABLE_USER_SCRIPT_SANDBOXING = YES;
				GCC_C_LANGUAGE_STANDARD = gnu11;
				GCC_DYNAMIC_NO_PIC = NO;
				GCC_NO_COMMON_BLOCKS = YES;
				GCC_OPTIMIZATION_LEVEL = 0;
				GCC_PREPROCESSOR_DEFINITIONS = (
					"DEBUG=1",
					"$(inherited)",
				);
				GCC_WARN_64_TO_32_BIT_CONVERSION = YES;
				GCC_WARN_ABOUT_RETURN_TYPE = YES_ERROR;
				GCC_WARN_UNDECLARED_SELECTOR = YES;
				GCC_WARN_UNINITIALIZED_AUTOS = YES_AGGRESSIVE;
				GCC_WARN_UNUSED_FUNCTION = YES;
				GCC_WARN_UNUSED_VARIABLE = YES;
				IPHONEOS_DEPLOYMENT_TARGET = 17.0;
				MTL_ENABLE_DEBUG_INFO = INCLUDE_SOURCE;
				MTL_FAST_MATH = YES;
				ONLY_ACTIVE_ARCH = YES;
				SDKROOT = iphoneos;
				SWIFT_ACTIVE_COMPILATION_CONDITIONS = DEBUG;
				SWIFT_OPTIMIZATION_LEVEL = "-Onone";
			};
			name = Debug;
		};
		D10BB325298ADAA500667E86 /* Release */ = {
			isa = XCBuildConfiguration;
			buildSettings = {
				ALWAYS_SEARCH_USER_PATHS = NO;
				CLANG_ANALYZER_NONNULL = YES;
				CLANG_ANALYZER_NUMBER_OBJECT_CONVERSION = YES_AGGRESSIVE;
				CLANG_CXX_LANGUAGE_STANDARD = "gnu++20";
				CLANG_ENABLE_MODULES = YES;
				CLANG_ENABLE_OBJC_ARC = YES;
				CLANG_ENABLE_OBJC_WEAK = YES;
				CLANG_WARN_BLOCK_CAPTURE_AUTORELEASING = YES;
				CLANG_WARN_BOOL_CONVERSION = YES;
				CLANG_WARN_COMMA = YES;
				CLANG_WARN_CONSTANT_CONVERSION = YES;
				CLANG_WARN_DEPRECATED_OBJC_IMPLEMENTATIONS = YES;
				CLANG_WARN_DIRECT_OBJC_ISA_USAGE = YES_ERROR;
				CLANG_WARN_DOCUMENTATION_COMMENTS = YES;
				CLANG_WARN_EMPTY_BODY = YES;
				CLANG_WARN_ENUM_CONVERSION = YES;
				CLANG_WARN_INFINITE_RECURSION = YES;
				CLANG_WARN_INT_CONVERSION = YES;
				CLANG_WARN_NON_LITERAL_NULL_CONVERSION = YES;
				CLANG_WARN_OBJC_IMPLICIT_RETAIN_SELF = YES;
				CLANG_WARN_OBJC_LITERAL_CONVERSION = YES;
				CLANG_WARN_OBJC_ROOT_CLASS = YES_ERROR;
				CLANG_WARN_QUOTED_INCLUDE_IN_FRAMEWORK_HEADER = YES;
				CLANG_WARN_RANGE_LOOP_ANALYSIS = YES;
				CLANG_WARN_STRICT_PROTOTYPES = YES;
				CLANG_WARN_SUSPICIOUS_MOVE = YES;
				CLANG_WARN_UNGUARDED_AVAILABILITY = YES_AGGRESSIVE;
				CLANG_WARN_UNREACHABLE_CODE = YES;
				CLANG_WARN__DUPLICATE_METHOD_MATCH = YES;
				COPY_PHASE_STRIP = NO;
				DEBUG_INFORMATION_FORMAT = "dwarf-with-dsym";
				ENABLE_NS_ASSERTIONS = NO;
				ENABLE_STRICT_OBJC_MSGSEND = YES;
				ENABLE_USER_SCRIPT_SANDBOXING = YES;
				GCC_C_LANGUAGE_STANDARD = gnu11;
				GCC_NO_COMMON_BLOCKS = YES;
				GCC_WARN_64_TO_32_BIT_CONVERSION = YES;
				GCC_WARN_ABOUT_RETURN_TYPE = YES_ERROR;
				GCC_WARN_UNDECLARED_SELECTOR = YES;
				GCC_WARN_UNINITIALIZED_AUTOS = YES_AGGRESSIVE;
				GCC_WARN_UNUSED_FUNCTION = YES;
				GCC_WARN_UNUSED_VARIABLE = YES;
				IPHONEOS_DEPLOYMENT_TARGET = 17.0;
				MTL_ENABLE_DEBUG_INFO = NO;
				MTL_FAST_MATH = YES;
				SDKROOT = iphoneos;
				SWIFT_COMPILATION_MODE = wholemodule;
				SWIFT_OPTIMIZATION_LEVEL = "-O";
				VALIDATE_PRODUCT = YES;
			};
			name = Release;
		};
		D10BB327298ADAA500667E86 /* Debug */ = {
			isa = XCBuildConfiguration;
			buildSettings = {
				ASSETCATALOG_COMPILER_APPICON_NAME = AppIcon;
				ASSETCATALOG_COMPILER_GLOBAL_ACCENT_COLOR_NAME = AccentColor;
				CODE_SIGN_STYLE = Automatic;
				CURRENT_PROJECT_VERSION = 1;
				DEVELOPMENT_ASSET_PATHS = "\"FERN/Preview Content\"";
				DEVELOPMENT_TEAM = 2DBHJL4HWE;
				ENABLE_PREVIEWS = YES;
				FRAMEWORK_SEARCH_PATHS = (
					"$(inherited)",
					"$(PROJECT_DIR)/FERN",
				);
				GENERATE_INFOPLIST_FILE = YES;
				INFOPLIST_FILE = FERN/Info.plist;
				INFOPLIST_KEY_LSSupportsOpeningDocumentsInPlace = YES;
				INFOPLIST_KEY_NSCameraUsageDescription = "This app uses your camera";
				INFOPLIST_KEY_NSLocationWhenInUseUsageDescription = "This app uses your location to display it on the screen";
				INFOPLIST_KEY_NSPhotoLibraryUsageDescription = "This app saves photos to your device";
				INFOPLIST_KEY_UIApplicationSceneManifest_Generation = YES;
				INFOPLIST_KEY_UIApplicationSupportsIndirectInputEvents = YES;
				INFOPLIST_KEY_UILaunchScreen_Generation = YES;
				INFOPLIST_KEY_UISupportedInterfaceOrientations_iPad = "UIInterfaceOrientationPortrait UIInterfaceOrientationPortraitUpsideDown";
				INFOPLIST_KEY_UISupportedInterfaceOrientations_iPhone = UIInterfaceOrientationPortrait;
				IPHONEOS_DEPLOYMENT_TARGET = 18.0;
				LD_RUNPATH_SEARCH_PATHS = (
					"$(inherited)",
					"@executable_path/Frameworks",
				);
				MARKETING_VERSION = 1.6.0;
				PRODUCT_BUNDLE_IDENTIFIER = "ORNL.FERN-UT-Battelle";
				PRODUCT_NAME = "$(TARGET_NAME)";
				SWIFT_EMIT_LOC_STRINGS = YES;
				SWIFT_VERSION = 5.0;
				TARGETED_DEVICE_FAMILY = "1,2";
			};
			name = Debug;
		};
		D10BB328298ADAA500667E86 /* Release */ = {
			isa = XCBuildConfiguration;
			buildSettings = {
				ASSETCATALOG_COMPILER_APPICON_NAME = AppIcon;
				ASSETCATALOG_COMPILER_GLOBAL_ACCENT_COLOR_NAME = AccentColor;
				CODE_SIGN_STYLE = Automatic;
				CURRENT_PROJECT_VERSION = 1;
				DEVELOPMENT_ASSET_PATHS = "\"FERN/Preview Content\"";
				DEVELOPMENT_TEAM = 2DBHJL4HWE;
				ENABLE_PREVIEWS = YES;
				FRAMEWORK_SEARCH_PATHS = (
					"$(inherited)",
					"$(PROJECT_DIR)/FERN",
				);
				GENERATE_INFOPLIST_FILE = YES;
				INFOPLIST_FILE = FERN/Info.plist;
				INFOPLIST_KEY_LSSupportsOpeningDocumentsInPlace = YES;
				INFOPLIST_KEY_NSCameraUsageDescription = "This app uses your camera";
				INFOPLIST_KEY_NSLocationWhenInUseUsageDescription = "This app uses your location to display it on the screen";
				INFOPLIST_KEY_NSPhotoLibraryUsageDescription = "This app saves photos to your device";
				INFOPLIST_KEY_UIApplicationSceneManifest_Generation = YES;
				INFOPLIST_KEY_UIApplicationSupportsIndirectInputEvents = YES;
				INFOPLIST_KEY_UILaunchScreen_Generation = YES;
				INFOPLIST_KEY_UISupportedInterfaceOrientations_iPad = "UIInterfaceOrientationPortrait UIInterfaceOrientationPortraitUpsideDown";
				INFOPLIST_KEY_UISupportedInterfaceOrientations_iPhone = UIInterfaceOrientationPortrait;
				IPHONEOS_DEPLOYMENT_TARGET = 18.0;
				LD_RUNPATH_SEARCH_PATHS = (
					"$(inherited)",
					"@executable_path/Frameworks",
				);
				MARKETING_VERSION = 1.6.0;
				PRODUCT_BUNDLE_IDENTIFIER = "ORNL.FERN-UT-Battelle";
				PRODUCT_NAME = "$(TARGET_NAME)";
				SWIFT_EMIT_LOC_STRINGS = YES;
				SWIFT_VERSION = 5.0;
				TARGETED_DEVICE_FAMILY = "1,2";
			};
			name = Release;
		};
		D147C56C29A3EC2900D948AB /* Debug */ = {
			isa = XCBuildConfiguration;
			buildSettings = {
				BUNDLE_LOADER = "$(TEST_HOST)";
				CODE_SIGN_STYLE = Automatic;
				CURRENT_PROJECT_VERSION = 1;
				DEVELOPMENT_TEAM = 2DBHJL4HWE;
				GENERATE_INFOPLIST_FILE = YES;
				MARKETING_VERSION = 1.0;
				PRODUCT_BUNDLE_IDENTIFIER = ORNL.FERNTests;
				PRODUCT_NAME = "$(TARGET_NAME)";
				SWIFT_EMIT_LOC_STRINGS = NO;
				SWIFT_VERSION = 5.0;
				TARGETED_DEVICE_FAMILY = "1,2";
				TEST_HOST = "$(BUILT_PRODUCTS_DIR)/FERN.app/$(BUNDLE_EXECUTABLE_FOLDER_PATH)/FERN";
			};
			name = Debug;
		};
		D147C56D29A3EC2900D948AB /* Release */ = {
			isa = XCBuildConfiguration;
			buildSettings = {
				BUNDLE_LOADER = "$(TEST_HOST)";
				CODE_SIGN_STYLE = Automatic;
				CURRENT_PROJECT_VERSION = 1;
				DEVELOPMENT_TEAM = 2DBHJL4HWE;
				GENERATE_INFOPLIST_FILE = YES;
				MARKETING_VERSION = 1.0;
				PRODUCT_BUNDLE_IDENTIFIER = ORNL.FERNTests;
				PRODUCT_NAME = "$(TARGET_NAME)";
				SWIFT_EMIT_LOC_STRINGS = NO;
				SWIFT_VERSION = 5.0;
				TARGETED_DEVICE_FAMILY = "1,2";
				TEST_HOST = "$(BUILT_PRODUCTS_DIR)/FERN.app/$(BUNDLE_EXECUTABLE_FOLDER_PATH)/FERN";
			};
			name = Release;
		};
/* End XCBuildConfiguration section */

/* Begin XCConfigurationList section */
		D10BB313298ADAA400667E86 /* Build configuration list for PBXProject "FERN" */ = {
			isa = XCConfigurationList;
			buildConfigurations = (
				D10BB324298ADAA500667E86 /* Debug */,
				D10BB325298ADAA500667E86 /* Release */,
			);
			defaultConfigurationIsVisible = 0;
			defaultConfigurationName = Release;
		};
		D10BB326298ADAA500667E86 /* Build configuration list for PBXNativeTarget "FERN" */ = {
			isa = XCConfigurationList;
			buildConfigurations = (
				D10BB327298ADAA500667E86 /* Debug */,
				D10BB328298ADAA500667E86 /* Release */,
			);
			defaultConfigurationIsVisible = 0;
			defaultConfigurationName = Release;
		};
		D147C56B29A3EC2900D948AB /* Build configuration list for PBXNativeTarget "FERNTests" */ = {
			isa = XCConfigurationList;
			buildConfigurations = (
				D147C56C29A3EC2900D948AB /* Debug */,
				D147C56D29A3EC2900D948AB /* Release */,
			);
			defaultConfigurationIsVisible = 0;
			defaultConfigurationName = Release;
		};
/* End XCConfigurationList section */
	};
	rootObject = D10BB310298ADAA400667E86 /* Project object */;
}
